// !$*UTF8*$!
{
	archiveVersion = 1;
	classes = {
	};
	objectVersion = 46;
	objects = {

/* Begin PBXBuildFile section */
		C03424C019867E6A009A5300 /* AppDelegate.swift in Sources */ = {isa = PBXBuildFile; fileRef = C03424BF19867E6A009A5300 /* AppDelegate.swift */; };
		C03424C219867E6A009A5300 /* Images.xcassets in Resources */ = {isa = PBXBuildFile; fileRef = C03424C119867E6A009A5300 /* Images.xcassets */; };
		C03424CE19867E6A009A5300 /* swift_couchbaseliteTests.swift in Sources */ = {isa = PBXBuildFile; fileRef = C03424CD19867E6A009A5300 /* swift_couchbaseliteTests.swift */; };
/* End PBXBuildFile section */

/* Begin PBXContainerItemProxy section */
		C03424C819867E6A009A5300 /* PBXContainerItemProxy */ = {
			isa = PBXContainerItemProxy;
			containerPortal = C03424B219867E6A009A5300 /* Project object */;
			proxyType = 1;
			remoteGlobalIDString = C03424B919867E6A009A5300;
			remoteInfo = "swift-couchbaselite";
		};
/* End PBXContainerItemProxy section */

/* Begin PBXFileReference section */
		C03424BA19867E6A009A5300 /* swift-couchbaselite.app */ = {isa = PBXFileReference; explicitFileType = wrapper.application; includeInIndex = 0; path = "swift-couchbaselite.app"; sourceTree = BUILT_PRODUCTS_DIR; };
		C03424BE19867E6A009A5300 /* Info.plist */ = {isa = PBXFileReference; lastKnownFileType = text.plist.xml; path = Info.plist; sourceTree = "<group>"; };
		C03424BF19867E6A009A5300 /* AppDelegate.swift */ = {isa = PBXFileReference; lastKnownFileType = sourcecode.swift; path = AppDelegate.swift; sourceTree = "<group>"; };
		C03424C119867E6A009A5300 /* Images.xcassets */ = {isa = PBXFileReference; lastKnownFileType = folder.assetcatalog; path = Images.xcassets; sourceTree = "<group>"; };
		C03424C719867E6A009A5300 /* swift-couchbaseliteTests.xctest */ = {isa = PBXFileReference; explicitFileType = wrapper.cfbundle; includeInIndex = 0; path = "swift-couchbaseliteTests.xctest"; sourceTree = BUILT_PRODUCTS_DIR; };
		C03424CC19867E6A009A5300 /* Info.plist */ = {isa = PBXFileReference; lastKnownFileType = text.plist.xml; path = Info.plist; sourceTree = "<group>"; };
		C03424CD19867E6A009A5300 /* swift_couchbaseliteTests.swift */ = {isa = PBXFileReference; lastKnownFileType = sourcecode.swift; path = swift_couchbaseliteTests.swift; sourceTree = "<group>"; };
/* End PBXFileReference section */

/* Begin PBXFrameworksBuildPhase section */
		C03424B719867E6A009A5300 /* Frameworks */ = {
			isa = PBXFrameworksBuildPhase;
			buildActionMask = 2147483647;
			files = (
			);
			runOnlyForDeploymentPostprocessing = 0;
		};
		C03424C419867E6A009A5300 /* Frameworks */ = {
			isa = PBXFrameworksBuildPhase;
			buildActionMask = 2147483647;
			files = (
			);
			runOnlyForDeploymentPostprocessing = 0;
		};
/* End PBXFrameworksBuildPhase section */

/* Begin PBXGroup section */
		C03424B119867E6A009A5300 = {
			isa = PBXGroup;
			children = (
				C03424BC19867E6A009A5300 /* swift-couchbaselite */,
				C03424CA19867E6A009A5300 /* swift-couchbaseliteTests */,
				C03424BB19867E6A009A5300 /* Products */,
			);
			sourceTree = "<group>";
		};
		C03424BB19867E6A009A5300 /* Products */ = {
			isa = PBXGroup;
			children = (
				C03424BA19867E6A009A5300 /* swift-couchbaselite.app */,
				C03424C719867E6A009A5300 /* swift-couchbaseliteTests.xctest */,
			);
			name = Products;
			sourceTree = "<group>";
		};
		C03424BC19867E6A009A5300 /* swift-couchbaselite */ = {
			isa = PBXGroup;
			children = (
				C03424BF19867E6A009A5300 /* AppDelegate.swift */,
				C03424C119867E6A009A5300 /* Images.xcassets */,
				C03424BD19867E6A009A5300 /* Supporting Files */,
			);
			path = "swift-couchbaselite";
			sourceTree = "<group>";
		};
		C03424BD19867E6A009A5300 /* Supporting Files */ = {
			isa = PBXGroup;
			children = (
				C03424BE19867E6A009A5300 /* Info.plist */,
			);
			name = "Supporting Files";
			sourceTree = "<group>";
		};
		C03424CA19867E6A009A5300 /* swift-couchbaseliteTests */ = {
			isa = PBXGroup;
			children = (
				C03424CD19867E6A009A5300 /* swift_couchbaseliteTests.swift */,
				C03424CB19867E6A009A5300 /* Supporting Files */,
			);
			path = "swift-couchbaseliteTests";
			sourceTree = "<group>";
		};
		C03424CB19867E6A009A5300 /* Supporting Files */ = {
			isa = PBXGroup;
			children = (
				C03424CC19867E6A009A5300 /* Info.plist */,
			);
			name = "Supporting Files";
			sourceTree = "<group>";
		};
/* End PBXGroup section */

/* Begin PBXNativeTarget section */
		C03424B919867E6A009A5300 /* swift-couchbaselite */ = {
			isa = PBXNativeTarget;
			buildConfigurationList = C03424D119867E6A009A5300 /* Build configuration list for PBXNativeTarget "swift-couchbaselite" */;
			buildPhases = (
				C03424B619867E6A009A5300 /* Sources */,
				C03424B719867E6A009A5300 /* Frameworks */,
				C03424B819867E6A009A5300 /* Resources */,
			);
			buildRules = (
			);
			dependencies = (
			);
			name = "swift-couchbaselite";
			productName = "swift-couchbaselite";
			productReference = C03424BA19867E6A009A5300 /* swift-couchbaselite.app */;
			productType = "com.apple.product-type.application";
		};
		C03424C619867E6A009A5300 /* swift-couchbaseliteTests */ = {
			isa = PBXNativeTarget;
			buildConfigurationList = C03424D419867E6A009A5300 /* Build configuration list for PBXNativeTarget "swift-couchbaseliteTests" */;
			buildPhases = (
				C03424C319867E6A009A5300 /* Sources */,
				C03424C419867E6A009A5300 /* Frameworks */,
				C03424C519867E6A009A5300 /* Resources */,
			);
			buildRules = (
			);
			dependencies = (
				C03424C919867E6A009A5300 /* PBXTargetDependency */,
			);
			name = "swift-couchbaseliteTests";
			productName = "swift-couchbaseliteTests";
			productReference = C03424C719867E6A009A5300 /* swift-couchbaseliteTests.xctest */;
			productType = "com.apple.product-type.bundle.unit-test";
		};
/* End PBXNativeTarget section */

/* Begin PBXProject section */
		C03424B219867E6A009A5300 /* Project object */ = {
			isa = PBXProject;
			attributes = {
				LastUpgradeCheck = 0600;
				ORGANIZATIONNAME = zemirco;
				TargetAttributes = {
					C03424B919867E6A009A5300 = {
						CreatedOnToolsVersion = 6.0;
					};
					C03424C619867E6A009A5300 = {
						CreatedOnToolsVersion = 6.0;
						TestTargetID = C03424B919867E6A009A5300;
					};
				};
			};
			buildConfigurationList = C03424B519867E6A009A5300 /* Build configuration list for PBXProject "swift-couchbaselite" */;
			compatibilityVersion = "Xcode 3.2";
			developmentRegion = English;
			hasScannedForEncodings = 0;
			knownRegions = (
				en,
			);
			mainGroup = C03424B119867E6A009A5300;
			productRefGroup = C03424BB19867E6A009A5300 /* Products */;
			projectDirPath = "";
			projectRoot = "";
			targets = (
				C03424B919867E6A009A5300 /* swift-couchbaselite */,
				C03424C619867E6A009A5300 /* swift-couchbaseliteTests */,
			);
		};
/* End PBXProject section */

/* Begin PBXResourcesBuildPhase section */
		C03424B819867E6A009A5300 /* Resources */ = {
			isa = PBXResourcesBuildPhase;
			buildActionMask = 2147483647;
			files = (
				C03424C219867E6A009A5300 /* Images.xcassets in Resources */,
			);
			runOnlyForDeploymentPostprocessing = 0;
		};
		C03424C519867E6A009A5300 /* Resources */ = {
			isa = PBXResourcesBuildPhase;
			buildActionMask = 2147483647;
			files = (
			);
			runOnlyForDeploymentPostprocessing = 0;
		};
/* End PBXResourcesBuildPhase section */

/* Begin PBXSourcesBuildPhase section */
		C03424B619867E6A009A5300 /* Sources */ = {
			isa = PBXSourcesBuildPhase;
			buildActionMask = 2147483647;
			files = (
				C03424C019867E6A009A5300 /* AppDelegate.swift in Sources */,
			);
			runOnlyForDeploymentPostprocessing = 0;
		};
		C03424C319867E6A009A5300 /* Sources */ = {
			isa = PBXSourcesBuildPhase;
			buildActionMask = 2147483647;
			files = (
				C03424CE19867E6A009A5300 /* swift_couchbaseliteTests.swift in Sources */,
			);
			runOnlyForDeploymentPostprocessing = 0;
		};
/* End PBXSourcesBuildPhase section */

/* Begin PBXTargetDependency section */
		C03424C919867E6A009A5300 /* PBXTargetDependency */ = {
			isa = PBXTargetDependency;
			target = C03424B919867E6A009A5300 /* swift-couchbaselite */;
			targetProxy = C03424C819867E6A009A5300 /* PBXContainerItemProxy */;
		};
/* End PBXTargetDependency section */

/* Begin XCBuildConfiguration section */
		C03424CF19867E6A009A5300 /* Debug */ = {
			isa = XCBuildConfiguration;
			buildSettings = {
				ALWAYS_SEARCH_USER_PATHS = NO;
				CLANG_CXX_LANGUAGE_STANDARD = "gnu++0x";
				CLANG_CXX_LIBRARY = "libc++";
				CLANG_ENABLE_MODULES = YES;
				CLANG_ENABLE_OBJC_ARC = YES;
				CLANG_WARN_BOOL_CONVERSION = YES;
				CLANG_WARN_CONSTANT_CONVERSION = YES;
				CLANG_WARN_DIRECT_OBJC_ISA_USAGE = YES_ERROR;
				CLANG_WARN_EMPTY_BODY = YES;
				CLANG_WARN_ENUM_CONVERSION = YES;
				CLANG_WARN_INT_CONVERSION = YES;
				CLANG_WARN_OBJC_ROOT_CLASS = YES_ERROR;
				CLANG_WARN_UNREACHABLE_CODE = YES;
				CLANG_WARN__DUPLICATE_METHOD_MATCH = YES;
				"CODE_SIGN_IDENTITY[sdk=iphoneos*]" = "iPhone Developer";
				COPY_PHASE_STRIP = NO;
				ENABLE_STRICT_OBJC_MSGSEND = YES;
				GCC_C_LANGUAGE_STANDARD = gnu99;
				GCC_DYNAMIC_NO_PIC = NO;
				GCC_OPTIMIZATION_LEVEL = 0;
				GCC_PREPROCESSOR_DEFINITIONS = (
					"DEBUG=1",
					"$(inherited)",
				);
				GCC_SYMBOLS_PRIVATE_EXTERN = NO;
				GCC_WARN_64_TO_32_BIT_CONVERSION = YES;
				GCC_WARN_ABOUT_RETURN_TYPE = YES_ERROR;
				GCC_WARN_UNDECLARED_SELECTOR = YES;
				GCC_WARN_UNINITIALIZED_AUTOS = YES_AGGRESSIVE;
				GCC_WARN_UNUSED_FUNCTION = YES;
				GCC_WARN_UNUSED_VARIABLE = YES;
				IPHONEOS_DEPLOYMENT_TARGET = 8.0;
				METAL_ENABLE_DEBUG_INFO = YES;
				ONLY_ACTIVE_ARCH = YES;
				SDKROOT = iphoneos;
				SWIFT_OPTIMIZATION_LEVEL = "-Onone";
			};
			name = Debug;
		};
		C03424D019867E6A009A5300 /* Release */ = {
			isa = XCBuildConfiguration;
			buildSettings = {
				ALWAYS_SEARCH_USER_PATHS = NO;
				CLANG_CXX_LANGUAGE_STANDARD = "gnu++0x";
				CLANG_CXX_LIBRARY = "libc++";
				CLANG_ENABLE_MODULES = YES;
				CLANG_ENABLE_OBJC_ARC = YES;
				CLANG_WARN_BOOL_CONVERSION = YES;
				CLANG_WARN_CONSTANT_CONVERSION = YES;
				CLANG_WARN_DIRECT_OBJC_ISA_USAGE = YES_ERROR;
				CLANG_WARN_EMPTY_BODY = YES;
				CLANG_WARN_ENUM_CONVERSION = YES;
				CLANG_WARN_INT_CONVERSION = YES;
				CLANG_WARN_OBJC_ROOT_CLASS = YES_ERROR;
				CLANG_WARN_UNREACHABLE_CODE = YES;
				CLANG_WARN__DUPLICATE_METHOD_MATCH = YES;
				"CODE_SIGN_IDENTITY[sdk=iphoneos*]" = "iPhone Developer";
				COPY_PHASE_STRIP = YES;
				ENABLE_NS_ASSERTIONS = NO;
				ENABLE_STRICT_OBJC_MSGSEND = YES;
				GCC_C_LANGUAGE_STANDARD = gnu99;
				GCC_WARN_64_TO_32_BIT_CONVERSION = YES;
				GCC_WARN_ABOUT_RETURN_TYPE = YES_ERROR;
				GCC_WARN_UNDECLARED_SELECTOR = YES;
				GCC_WARN_UNINITIALIZED_AUTOS = YES_AGGRESSIVE;
				GCC_WARN_UNUSED_FUNCTION = YES;
				GCC_WARN_UNUSED_VARIABLE = YES;
				IPHONEOS_DEPLOYMENT_TARGET = 8.0;
				METAL_ENABLE_DEBUG_INFO = NO;
				SDKROOT = iphoneos;
				VALIDATE_PRODUCT = YES;
			};
			name = Release;
		};
		C03424D219867E6A009A5300 /* Debug */ = {
			isa = XCBuildConfiguration;
			buildSettings = {
				ASSETCATALOG_COMPILER_APPICON_NAME = AppIcon;
				ASSETCATALOG_COMPILER_LAUNCHIMAGE_NAME = LaunchImage;
				INFOPLIST_FILE = "swift-couchbaselite/Info.plist";
				LD_RUNPATH_SEARCH_PATHS = "$(inherited) @executable_path/Frameworks";
				PRODUCT_NAME = "$(TARGET_NAME)";
			};
			name = Debug;
		};
		C03424D319867E6A009A5300 /* Release */ = {
			isa = XCBuildConfiguration;
			buildSettings = {
				ASSETCATALOG_COMPILER_APPICON_NAME = AppIcon;
				ASSETCATALOG_COMPILER_LAUNCHIMAGE_NAME = LaunchImage;
				INFOPLIST_FILE = "swift-couchbaselite/Info.plist";
				LD_RUNPATH_SEARCH_PATHS = "$(inherited) @executable_path/Frameworks";
				PRODUCT_NAME = "$(TARGET_NAME)";
			};
			name = Release;
		};
		C03424D519867E6A009A5300 /* Debug */ = {
			isa = XCBuildConfiguration;
			buildSettings = {
				BUNDLE_LOADER = "$(BUILT_PRODUCTS_DIR)/swift-couchbaselite.app/swift-couchbaselite";
				FRAMEWORK_SEARCH_PATHS = (
					"$(SDKROOT)/Developer/Library/Frameworks",
					"$(inherited)",
				);
				GCC_PREPROCESSOR_DEFINITIONS = (
					"DEBUG=1",
					"$(inherited)",
				);
				INFOPLIST_FILE = "swift-couchbaseliteTests/Info.plist";
				LD_RUNPATH_SEARCH_PATHS = "$(inherited) @executable_path/Frameworks @loader_path/Frameworks";
				METAL_ENABLE_DEBUG_INFO = YES;
				PRODUCT_NAME = "$(TARGET_NAME)";
				TEST_HOST = "$(BUNDLE_LOADER)";
			};
			name = Debug;
		};
		C03424D619867E6A009A5300 /* Release */ = {
			isa = XCBuildConfiguration;
			buildSettings = {
				BUNDLE_LOADER = "$(BUILT_PRODUCTS_DIR)/swift-couchbaselite.app/swift-couchbaselite";
				FRAMEWORK_SEARCH_PATHS = (
					"$(SDKROOT)/Developer/Library/Frameworks",
					"$(inherited)",
				);
				INFOPLIST_FILE = "swift-couchbaseliteTests/Info.plist";
				LD_RUNPATH_SEARCH_PATHS = "$(inherited) @executable_path/Frameworks @loader_path/Frameworks";
				METAL_ENABLE_DEBUG_INFO = NO;
				PRODUCT_NAME = "$(TARGET_NAME)";
				TEST_HOST = "$(BUNDLE_LOADER)";
			};
			name = Release;
		};
/* End XCBuildConfiguration section */

/* Begin XCConfigurationList section */
		C03424B519867E6A009A5300 /* Build configuration list for PBXProject "swift-couchbaselite" */ = {
			isa = XCConfigurationList;
			buildConfigurations = (
				C03424CF19867E6A009A5300 /* Debug */,
				C03424D019867E6A009A5300 /* Release */,
			);
			defaultConfigurationIsVisible = 0;
			defaultConfigurationName = Release;
		};
		C03424D119867E6A009A5300 /* Build configuration list for PBXNativeTarget "swift-couchbaselite" */ = {
			isa = XCConfigurationList;
			buildConfigurations = (
				C03424D219867E6A009A5300 /* Debug */,
				C03424D319867E6A009A5300 /* Release */,
			);
			defaultConfigurationIsVisible = 0;
		};
		C03424D419867E6A009A5300 /* Build configuration list for PBXNativeTarget "swift-couchbaseliteTests" */ = {
			isa = XCConfigurationList;
			buildConfigurations = (
				C03424D519867E6A009A5300 /* Debug */,
				C03424D619867E6A009A5300 /* Release */,
			);
			defaultConfigurationIsVisible = 0;
		};
/* End XCConfigurationList section */
	};
	rootObject = C03424B219867E6A009A5300 /* Project object */;
}
